// !$*UTF8*$!
{
	archiveVersion = 1;
	classes = {
	};
	objectVersion = 55;
	objects = {

/* Begin PBXBuildFile section */
		4F242EC5293801AF00EF0C16 /* Date.swift in Sources */ = {isa = PBXBuildFile; fileRef = 4F242EC4293801AF00EF0C16 /* Date.swift */; };
		4F33788E29341BED00142B2E /* AppDelegate.swift in Sources */ = {isa = PBXBuildFile; fileRef = 4F33788D29341BED00142B2E /* AppDelegate.swift */; };
		4F33789029341BED00142B2E /* SceneDelegate.swift in Sources */ = {isa = PBXBuildFile; fileRef = 4F33788F29341BED00142B2E /* SceneDelegate.swift */; };
		4F33789729341BEE00142B2E /* Assets.xcassets in Resources */ = {isa = PBXBuildFile; fileRef = 4F33789629341BEE00142B2E /* Assets.xcassets */; };
		4F33789A29341BEE00142B2E /* LaunchScreen.storyboard in Resources */ = {isa = PBXBuildFile; fileRef = 4F33789829341BEE00142B2E /* LaunchScreen.storyboard */; };
		4F7F24552934E8E8001F8E09 /* WeatherCell.swift in Sources */ = {isa = PBXBuildFile; fileRef = 4F7F24542934E8E8001F8E09 /* WeatherCell.swift */; };
		4F7F245D29354516001F8E09 /* FindViewController.swift in Sources */ = {isa = PBXBuildFile; fileRef = 4F7F245C29354516001F8E09 /* FindViewController.swift */; };
		4F7F245F29354617001F8E09 /* FindPresenter.swift in Sources */ = {isa = PBXBuildFile; fileRef = 4F7F245E29354617001F8E09 /* FindPresenter.swift */; };
		4FB00D992934205200CF3E09 /* UIColor.swift in Sources */ = {isa = PBXBuildFile; fileRef = 4FB00D982934205200CF3E09 /* UIColor.swift */; };
		4FB00D9B2934207700CF3E09 /* UIStackView.swift in Sources */ = {isa = PBXBuildFile; fileRef = 4FB00D9A2934207700CF3E09 /* UIStackView.swift */; };
		4FB00D9D2934208200CF3E09 /* UILabel.swift in Sources */ = {isa = PBXBuildFile; fileRef = 4FB00D9C2934208200CF3E09 /* UILabel.swift */; };
		4FB00D9F2934208F00CF3E09 /* UIImageView.swift in Sources */ = {isa = PBXBuildFile; fileRef = 4FB00D9E2934208F00CF3E09 /* UIImageView.swift */; };
		4FB00DAA29342A9200CF3E09 /* MainViewController.swift in Sources */ = {isa = PBXBuildFile; fileRef = 4FB00DA929342A9200CF3E09 /* MainViewController.swift */; };
		4FB00DAC29342ADE00CF3E09 /* Weather.swift in Sources */ = {isa = PBXBuildFile; fileRef = 4FB00DAB29342ADE00CF3E09 /* Weather.swift */; };
		4FB00DAE29342AFE00CF3E09 /* MainPresenter.swift in Sources */ = {isa = PBXBuildFile; fileRef = 4FB00DAD29342AFE00CF3E09 /* MainPresenter.swift */; };
		4FB00DB1293433B100CF3E09 /* ModulesBuilder.swift in Sources */ = {isa = PBXBuildFile; fileRef = 4FB00DB0293433B100CF3E09 /* ModulesBuilder.swift */; };
		4FB00DB629343E3C00CF3E09 /* NetworkService.swift in Sources */ = {isa = PBXBuildFile; fileRef = 4FB00DB529343E3C00CF3E09 /* NetworkService.swift */; };
		4FB00DB82934503500CF3E09 /* UIViewController.swift in Sources */ = {isa = PBXBuildFile; fileRef = 4FB00DB72934503500CF3E09 /* UIViewController.swift */; };
		4FC778752937967C007FC41E /* LocationService.swift in Sources */ = {isa = PBXBuildFile; fileRef = 4FC778742937967C007FC41E /* LocationService.swift */; };
		4FC7787729379866007FC41E /* Location.swift in Sources */ = {isa = PBXBuildFile; fileRef = 4FC7787629379866007FC41E /* Location.swift */; };
		4FD957A2293AA04C00B85BFA /* WeatherByHourCell.swift in Sources */ = {isa = PBXBuildFile; fileRef = 4FD957A1293AA04C00B85BFA /* WeatherByHourCell.swift */; };
		4FD957A4293AAF8000B85BFA /* WeatherByDayCell.swift in Sources */ = {isa = PBXBuildFile; fileRef = 4FD957A3293AAF8000B85BFA /* WeatherByDayCell.swift */; };
		4FD957B4293AC8AC00B85BFA /* SectionList.swift in Sources */ = {isa = PBXBuildFile; fileRef = 4FD957B3293AC8AC00B85BFA /* SectionList.swift */; };
/* End PBXBuildFile section */

/* Begin PBXFileReference section */
		4F242EC4293801AF00EF0C16 /* Date.swift */ = {isa = PBXFileReference; lastKnownFileType = sourcecode.swift; path = Date.swift; sourceTree = "<group>"; };
		4F33788A29341BED00142B2E /* AppWeather.app */ = {isa = PBXFileReference; explicitFileType = wrapper.application; includeInIndex = 0; path = AppWeather.app; sourceTree = BUILT_PRODUCTS_DIR; };
		4F33788D29341BED00142B2E /* AppDelegate.swift */ = {isa = PBXFileReference; lastKnownFileType = sourcecode.swift; path = AppDelegate.swift; sourceTree = "<group>"; };
		4F33788F29341BED00142B2E /* SceneDelegate.swift */ = {isa = PBXFileReference; lastKnownFileType = sourcecode.swift; path = SceneDelegate.swift; sourceTree = "<group>"; };
		4F33789629341BEE00142B2E /* Assets.xcassets */ = {isa = PBXFileReference; lastKnownFileType = folder.assetcatalog; path = Assets.xcassets; sourceTree = "<group>"; };
		4F33789929341BEE00142B2E /* Base */ = {isa = PBXFileReference; lastKnownFileType = file.storyboard; name = Base; path = Base.lproj/LaunchScreen.storyboard; sourceTree = "<group>"; };
		4F33789B29341BEE00142B2E /* Info.plist */ = {isa = PBXFileReference; lastKnownFileType = text.plist.xml; path = Info.plist; sourceTree = "<group>"; };
		4F7F24542934E8E8001F8E09 /* WeatherCell.swift */ = {isa = PBXFileReference; lastKnownFileType = sourcecode.swift; path = WeatherCell.swift; sourceTree = "<group>"; };
		4F7F245C29354516001F8E09 /* FindViewController.swift */ = {isa = PBXFileReference; lastKnownFileType = sourcecode.swift; path = FindViewController.swift; sourceTree = "<group>"; };
		4F7F245E29354617001F8E09 /* FindPresenter.swift */ = {isa = PBXFileReference; lastKnownFileType = sourcecode.swift; path = FindPresenter.swift; sourceTree = "<group>"; };
		4FB00D982934205200CF3E09 /* UIColor.swift */ = {isa = PBXFileReference; lastKnownFileType = sourcecode.swift; path = UIColor.swift; sourceTree = "<group>"; };
		4FB00D9A2934207700CF3E09 /* UIStackView.swift */ = {isa = PBXFileReference; lastKnownFileType = sourcecode.swift; path = UIStackView.swift; sourceTree = "<group>"; };
		4FB00D9C2934208200CF3E09 /* UILabel.swift */ = {isa = PBXFileReference; lastKnownFileType = sourcecode.swift; path = UILabel.swift; sourceTree = "<group>"; };
		4FB00D9E2934208F00CF3E09 /* UIImageView.swift */ = {isa = PBXFileReference; lastKnownFileType = sourcecode.swift; path = UIImageView.swift; sourceTree = "<group>"; };
		4FB00DA929342A9200CF3E09 /* MainViewController.swift */ = {isa = PBXFileReference; lastKnownFileType = sourcecode.swift; path = MainViewController.swift; sourceTree = "<group>"; };
		4FB00DAB29342ADE00CF3E09 /* Weather.swift */ = {isa = PBXFileReference; lastKnownFileType = sourcecode.swift; path = Weather.swift; sourceTree = "<group>"; };
		4FB00DAD29342AFE00CF3E09 /* MainPresenter.swift */ = {isa = PBXFileReference; lastKnownFileType = sourcecode.swift; path = MainPresenter.swift; sourceTree = "<group>"; };
		4FB00DB0293433B100CF3E09 /* ModulesBuilder.swift */ = {isa = PBXFileReference; lastKnownFileType = sourcecode.swift; path = ModulesBuilder.swift; sourceTree = "<group>"; };
		4FB00DB529343E3C00CF3E09 /* NetworkService.swift */ = {isa = PBXFileReference; lastKnownFileType = sourcecode.swift; path = NetworkService.swift; sourceTree = "<group>"; };
		4FB00DB72934503500CF3E09 /* UIViewController.swift */ = {isa = PBXFileReference; lastKnownFileType = sourcecode.swift; path = UIViewController.swift; sourceTree = "<group>"; };
		4FC778742937967C007FC41E /* LocationService.swift */ = {isa = PBXFileReference; lastKnownFileType = sourcecode.swift; path = LocationService.swift; sourceTree = "<group>"; };
		4FC7787629379866007FC41E /* Location.swift */ = {isa = PBXFileReference; lastKnownFileType = sourcecode.swift; path = Location.swift; sourceTree = "<group>"; };
		4FD957A1293AA04C00B85BFA /* WeatherByHourCell.swift */ = {isa = PBXFileReference; lastKnownFileType = sourcecode.swift; path = WeatherByHourCell.swift; sourceTree = "<group>"; };
		4FD957A3293AAF8000B85BFA /* WeatherByDayCell.swift */ = {isa = PBXFileReference; lastKnownFileType = sourcecode.swift; path = WeatherByDayCell.swift; sourceTree = "<group>"; };
		4FD957B3293AC8AC00B85BFA /* SectionList.swift */ = {isa = PBXFileReference; lastKnownFileType = sourcecode.swift; path = SectionList.swift; sourceTree = "<group>"; };
/* End PBXFileReference section */

/* Begin PBXFrameworksBuildPhase section */
		4F33788729341BED00142B2E /* Frameworks */ = {
			isa = PBXFrameworksBuildPhase;
			buildActionMask = 2147483647;
			files = (
			);
			runOnlyForDeploymentPostprocessing = 0;
		};
/* End PBXFrameworksBuildPhase section */

/* Begin PBXGroup section */
		4F33788129341BED00142B2E = {
			isa = PBXGroup;
			children = (
				4F33788C29341BED00142B2E /* AppWeather */,
				4F33788B29341BED00142B2E /* Products */,
			);
			sourceTree = "<group>";
		};
		4F33788B29341BED00142B2E /* Products */ = {
			isa = PBXGroup;
			children = (
				4F33788A29341BED00142B2E /* AppWeather.app */,
			);
			name = Products;
			sourceTree = "<group>";
		};
		4F33788C29341BED00142B2E /* AppWeather */ = {
			isa = PBXGroup;
			children = (
				4F3378A129341BFE00142B2E /* Application */,
				4FB00DB429343DA500CF3E09 /* Network */,
				4FB00DA529342A2600CF3E09 /* Modules */,
				4F7F244B2934DFEF001F8E09 /* Cell */,
				4FB00D972934201D00CF3E09 /* UIKit + Extensions */,
				4F3378A329341D7700142B2E /* Resources */,
				4F3378A429341D9200142B2E /* Settings */,
			);
			path = AppWeather;
			sourceTree = "<group>";
		};
		4F3378A129341BFE00142B2E /* Application */ = {
			isa = PBXGroup;
			children = (
				4F33788D29341BED00142B2E /* AppDelegate.swift */,
				4F33788F29341BED00142B2E /* SceneDelegate.swift */,
				4F33789829341BEE00142B2E /* LaunchScreen.storyboard */,
			);
			path = Application;
			sourceTree = "<group>";
		};
		4F3378A329341D7700142B2E /* Resources */ = {
			isa = PBXGroup;
			children = (
				4F33789629341BEE00142B2E /* Assets.xcassets */,
			);
			path = Resources;
			sourceTree = "<group>";
		};
		4F3378A429341D9200142B2E /* Settings */ = {
			isa = PBXGroup;
			children = (
				4F33789B29341BEE00142B2E /* Info.plist */,
			);
			path = Settings;
			sourceTree = "<group>";
		};
		4F7F244B2934DFEF001F8E09 /* Cell */ = {
			isa = PBXGroup;
			children = (
				4F7F24542934E8E8001F8E09 /* WeatherCell.swift */,
				4FD957A1293AA04C00B85BFA /* WeatherByHourCell.swift */,
				4FD957A3293AAF8000B85BFA /* WeatherByDayCell.swift */,
			);
			path = Cell;
			sourceTree = "<group>";
		};
		4F7F24562935445E001F8E09 /* FindModule */ = {
			isa = PBXGroup;
			children = (
				4F7F245829354496001F8E09 /* View */,
				4F7F24572935448E001F8E09 /* Presenter */,
			);
			path = FindModule;
			sourceTree = "<group>";
		};
		4F7F24572935448E001F8E09 /* Presenter */ = {
			isa = PBXGroup;
			children = (
				4F7F245E29354617001F8E09 /* FindPresenter.swift */,
			);
			path = Presenter;
			sourceTree = "<group>";
		};
		4F7F245829354496001F8E09 /* View */ = {
			isa = PBXGroup;
			children = (
				4F7F245C29354516001F8E09 /* FindViewController.swift */,
			);
			path = View;
			sourceTree = "<group>";
		};
		4FB00D972934201D00CF3E09 /* UIKit + Extensions */ = {
			isa = PBXGroup;
			children = (
				4FB00D982934205200CF3E09 /* UIColor.swift */,
				4FB00D9A2934207700CF3E09 /* UIStackView.swift */,
				4FB00D9C2934208200CF3E09 /* UILabel.swift */,
				4FB00D9E2934208F00CF3E09 /* UIImageView.swift */,
				4FB00DB72934503500CF3E09 /* UIViewController.swift */,
				4F242EC4293801AF00EF0C16 /* Date.swift */,
			);
			path = "UIKit + Extensions";
			sourceTree = "<group>";
		};
		4FB00DA529342A2600CF3E09 /* Modules */ = {
			isa = PBXGroup;
			children = (
				4FB00DB0293433B100CF3E09 /* ModulesBuilder.swift */,
				4FB00DAF29342B2200CF3E09 /* MainModule */,
				4F7F24562935445E001F8E09 /* FindModule */,
			);
			path = Modules;
			sourceTree = "<group>";
		};
		4FB00DA629342A5200CF3E09 /* Presenter */ = {
			isa = PBXGroup;
			children = (
				4FB00DAD29342AFE00CF3E09 /* MainPresenter.swift */,
			);
			path = Presenter;
			sourceTree = "<group>";
		};
		4FB00DA729342A6600CF3E09 /* View */ = {
			isa = PBXGroup;
			children = (
				4FB00DA929342A9200CF3E09 /* MainViewController.swift */,
			);
			path = View;
			sourceTree = "<group>";
		};
		4FB00DA829342A7200CF3E09 /* Model */ = {
			isa = PBXGroup;
			children = (
				4FB00DAB29342ADE00CF3E09 /* Weather.swift */,
				4FC7787629379866007FC41E /* Location.swift */,
				4FD957B3293AC8AC00B85BFA /* SectionList.swift */,
			);
			path = Model;
			sourceTree = "<group>";
		};
		4FB00DAF29342B2200CF3E09 /* MainModule */ = {
			isa = PBXGroup;
			children = (
				4FB00DA829342A7200CF3E09 /* Model */,
				4FB00DA729342A6600CF3E09 /* View */,
				4FB00DA629342A5200CF3E09 /* Presenter */,
			);
			path = MainModule;
			sourceTree = "<group>";
		};
		4FB00DB429343DA500CF3E09 /* Network */ = {
			isa = PBXGroup;
			children = (
				4FB00DB529343E3C00CF3E09 /* NetworkService.swift */,
				4FC778742937967C007FC41E /* LocationService.swift */,
			);
			path = Network;
			sourceTree = "<group>";
		};
/* End PBXGroup section */

/* Begin PBXNativeTarget section */
		4F33788929341BED00142B2E /* AppWeather */ = {
			isa = PBXNativeTarget;
			buildConfigurationList = 4F33789E29341BEE00142B2E /* Build configuration list for PBXNativeTarget "AppWeather" */;
			buildPhases = (
				4F33788629341BED00142B2E /* Sources */,
				4F33788729341BED00142B2E /* Frameworks */,
				4F33788829341BED00142B2E /* Resources */,
			);
			buildRules = (
			);
			dependencies = (
			);
			name = AppWeather;
			productName = AppWeather;
			productReference = 4F33788A29341BED00142B2E /* AppWeather.app */;
			productType = "com.apple.product-type.application";
		};
/* End PBXNativeTarget section */

/* Begin PBXProject section */
		4F33788229341BED00142B2E /* Project object */ = {
			isa = PBXProject;
			attributes = {
				BuildIndependentTargetsInParallel = 1;
				LastSwiftUpdateCheck = 1340;
				LastUpgradeCheck = 1340;
				TargetAttributes = {
					4F33788929341BED00142B2E = {
						CreatedOnToolsVersion = 13.4.1;
					};
				};
			};
			buildConfigurationList = 4F33788529341BED00142B2E /* Build configuration list for PBXProject "AppWeather" */;
			compatibilityVersion = "Xcode 13.0";
			developmentRegion = en;
			hasScannedForEncodings = 0;
			knownRegions = (
				en,
				Base,
			);
			mainGroup = 4F33788129341BED00142B2E;
			productRefGroup = 4F33788B29341BED00142B2E /* Products */;
			projectDirPath = "";
			projectRoot = "";
			targets = (
				4F33788929341BED00142B2E /* AppWeather */,
			);
		};
/* End PBXProject section */

/* Begin PBXResourcesBuildPhase section */
		4F33788829341BED00142B2E /* Resources */ = {
			isa = PBXResourcesBuildPhase;
			buildActionMask = 2147483647;
			files = (
				4F33789A29341BEE00142B2E /* LaunchScreen.storyboard in Resources */,
				4F33789729341BEE00142B2E /* Assets.xcassets in Resources */,
			);
			runOnlyForDeploymentPostprocessing = 0;
		};
/* End PBXResourcesBuildPhase section */

/* Begin PBXSourcesBuildPhase section */
		4F33788629341BED00142B2E /* Sources */ = {
			isa = PBXSourcesBuildPhase;
			buildActionMask = 2147483647;
			files = (
				4FB00DB629343E3C00CF3E09 /* NetworkService.swift in Sources */,
				4FB00DAC29342ADE00CF3E09 /* Weather.swift in Sources */,
				4FD957A4293AAF8000B85BFA /* WeatherByDayCell.swift in Sources */,
				4FB00DB82934503500CF3E09 /* UIViewController.swift in Sources */,
				4FB00DAA29342A9200CF3E09 /* MainViewController.swift in Sources */,
				4FB00D992934205200CF3E09 /* UIColor.swift in Sources */,
				4FC7787729379866007FC41E /* Location.swift in Sources */,
				4F7F245D29354516001F8E09 /* FindViewController.swift in Sources */,
				4F242EC5293801AF00EF0C16 /* Date.swift in Sources */,
				4FB00DB1293433B100CF3E09 /* ModulesBuilder.swift in Sources */,
				4FD957A2293AA04C00B85BFA /* WeatherByHourCell.swift in Sources */,
				4F7F245F29354617001F8E09 /* FindPresenter.swift in Sources */,
				4F7F24552934E8E8001F8E09 /* WeatherCell.swift in Sources */,
				4FB00D9F2934208F00CF3E09 /* UIImageView.swift in Sources */,
				4FC778752937967C007FC41E /* LocationService.swift in Sources */,
				4FD957B4293AC8AC00B85BFA /* SectionList.swift in Sources */,
				4FB00DAE29342AFE00CF3E09 /* MainPresenter.swift in Sources */,
				4FB00D9B2934207700CF3E09 /* UIStackView.swift in Sources */,
				4F33788E29341BED00142B2E /* AppDelegate.swift in Sources */,
				4FB00D9D2934208200CF3E09 /* UILabel.swift in Sources */,
				4F33789029341BED00142B2E /* SceneDelegate.swift in Sources */,
			);
			runOnlyForDeploymentPostprocessing = 0;
		};
/* End PBXSourcesBuildPhase section */

/* Begin PBXVariantGroup section */
		4F33789829341BEE00142B2E /* LaunchScreen.storyboard */ = {
			isa = PBXVariantGroup;
			children = (
				4F33789929341BEE00142B2E /* Base */,
			);
			name = LaunchScreen.storyboard;
			sourceTree = "<group>";
		};
/* End PBXVariantGroup section */

/* Begin XCBuildConfiguration section */
		4F33789C29341BEE00142B2E /* Debug */ = {
			isa = XCBuildConfiguration;
			buildSettings = {
				ALWAYS_SEARCH_USER_PATHS = NO;
				CLANG_ANALYZER_NONNULL = YES;
				CLANG_ANALYZER_NUMBER_OBJECT_CONVERSION = YES_AGGRESSIVE;
				CLANG_CXX_LANGUAGE_STANDARD = "gnu++17";
				CLANG_ENABLE_MODULES = YES;
				CLANG_ENABLE_OBJC_ARC = YES;
				CLANG_ENABLE_OBJC_WEAK = YES;
				CLANG_WARN_BLOCK_CAPTURE_AUTORELEASING = YES;
				CLANG_WARN_BOOL_CONVERSION = YES;
				CLANG_WARN_COMMA = YES;
				CLANG_WARN_CONSTANT_CONVERSION = YES;
				CLANG_WARN_DEPRECATED_OBJC_IMPLEMENTATIONS = YES;
				CLANG_WARN_DIRECT_OBJC_ISA_USAGE = YES_ERROR;
				CLANG_WARN_DOCUMENTATION_COMMENTS = YES;
				CLANG_WARN_EMPTY_BODY = YES;
				CLANG_WARN_ENUM_CONVERSION = YES;
				CLANG_WARN_INFINITE_RECURSION = YES;
				CLANG_WARN_INT_CONVERSION = YES;
				CLANG_WARN_NON_LITERAL_NULL_CONVERSION = YES;
				CLANG_WARN_OBJC_IMPLICIT_RETAIN_SELF = YES;
				CLANG_WARN_OBJC_LITERAL_CONVERSION = YES;
				CLANG_WARN_OBJC_ROOT_CLASS = YES_ERROR;
				CLANG_WARN_QUOTED_INCLUDE_IN_FRAMEWORK_HEADER = YES;
				CLANG_WARN_RANGE_LOOP_ANALYSIS = YES;
				CLANG_WARN_STRICT_PROTOTYPES = YES;
				CLANG_WARN_SUSPICIOUS_MOVE = YES;
				CLANG_WARN_UNGUARDED_AVAILABILITY = YES_AGGRESSIVE;
				CLANG_WARN_UNREACHABLE_CODE = YES;
				CLANG_WARN__DUPLICATE_METHOD_MATCH = YES;
				COPY_PHASE_STRIP = NO;
				DEBUG_INFORMATION_FORMAT = dwarf;
				ENABLE_STRICT_OBJC_MSGSEND = YES;
				ENABLE_TESTABILITY = YES;
				GCC_C_LANGUAGE_STANDARD = gnu11;
				GCC_DYNAMIC_NO_PIC = NO;
				GCC_NO_COMMON_BLOCKS = YES;
				GCC_OPTIMIZATION_LEVEL = 0;
				GCC_PREPROCESSOR_DEFINITIONS = (
					"DEBUG=1",
					"$(inherited)",
				);
				GCC_WARN_64_TO_32_BIT_CONVERSION = YES;
				GCC_WARN_ABOUT_RETURN_TYPE = YES_ERROR;
				GCC_WARN_UNDECLARED_SELECTOR = YES;
				GCC_WARN_UNINITIALIZED_AUTOS = YES_AGGRESSIVE;
				GCC_WARN_UNUSED_FUNCTION = YES;
				GCC_WARN_UNUSED_VARIABLE = YES;
				IPHONEOS_DEPLOYMENT_TARGET = 15.5;
				MTL_ENABLE_DEBUG_INFO = INCLUDE_SOURCE;
				MTL_FAST_MATH = YES;
				ONLY_ACTIVE_ARCH = YES;
				SDKROOT = iphoneos;
				SWIFT_ACTIVE_COMPILATION_CONDITIONS = DEBUG;
				SWIFT_OPTIMIZATION_LEVEL = "-Onone";
			};
			name = Debug;
		};
		4F33789D29341BEE00142B2E /* Release */ = {
			isa = XCBuildConfiguration;
			buildSettings = {
				ALWAYS_SEARCH_USER_PATHS = NO;
				CLANG_ANALYZER_NONNULL = YES;
				CLANG_ANALYZER_NUMBER_OBJECT_CONVERSION = YES_AGGRESSIVE;
				CLANG_CXX_LANGUAGE_STANDARD = "gnu++17";
				CLANG_ENABLE_MODULES = YES;
				CLANG_ENABLE_OBJC_ARC = YES;
				CLANG_ENABLE_OBJC_WEAK = YES;
				CLANG_WARN_BLOCK_CAPTURE_AUTORELEASING = YES;
				CLANG_WARN_BOOL_CONVERSION = YES;
				CLANG_WARN_COMMA = YES;
				CLANG_WARN_CONSTANT_CONVERSION = YES;
				CLANG_WARN_DEPRECATED_OBJC_IMPLEMENTATIONS = YES;
				CLANG_WARN_DIRECT_OBJC_ISA_USAGE = YES_ERROR;
				CLANG_WARN_DOCUMENTATION_COMMENTS = YES;
				CLANG_WARN_EMPTY_BODY = YES;
				CLANG_WARN_ENUM_CONVERSION = YES;
				CLANG_WARN_INFINITE_RECURSION = YES;
				CLANG_WARN_INT_CONVERSION = YES;
				CLANG_WARN_NON_LITERAL_NULL_CONVERSION = YES;
				CLANG_WARN_OBJC_IMPLICIT_RETAIN_SELF = YES;
				CLANG_WARN_OBJC_LITERAL_CONVERSION = YES;
				CLANG_WARN_OBJC_ROOT_CLASS = YES_ERROR;
				CLANG_WARN_QUOTED_INCLUDE_IN_FRAMEWORK_HEADER = YES;
				CLANG_WARN_RANGE_LOOP_ANALYSIS = YES;
				CLANG_WARN_STRICT_PROTOTYPES = YES;
				CLANG_WARN_SUSPICIOUS_MOVE = YES;
				CLANG_WARN_UNGUARDED_AVAILABILITY = YES_AGGRESSIVE;
				CLANG_WARN_UNREACHABLE_CODE = YES;
				CLANG_WARN__DUPLICATE_METHOD_MATCH = YES;
				COPY_PHASE_STRIP = NO;
				DEBUG_INFORMATION_FORMAT = "dwarf-with-dsym";
				ENABLE_NS_ASSERTIONS = NO;
				ENABLE_STRICT_OBJC_MSGSEND = YES;
				GCC_C_LANGUAGE_STANDARD = gnu11;
				GCC_NO_COMMON_BLOCKS = YES;
				GCC_WARN_64_TO_32_BIT_CONVERSION = YES;
				GCC_WARN_ABOUT_RETURN_TYPE = YES_ERROR;
				GCC_WARN_UNDECLARED_SELECTOR = YES;
				GCC_WARN_UNINITIALIZED_AUTOS = YES_AGGRESSIVE;
				GCC_WARN_UNUSED_FUNCTION = YES;
				GCC_WARN_UNUSED_VARIABLE = YES;
				IPHONEOS_DEPLOYMENT_TARGET = 15.5;
				MTL_ENABLE_DEBUG_INFO = NO;
				MTL_FAST_MATH = YES;
				SDKROOT = iphoneos;
				SWIFT_COMPILATION_MODE = wholemodule;
				SWIFT_OPTIMIZATION_LEVEL = "-O";
				VALIDATE_PRODUCT = YES;
			};
			name = Release;
		};
		4F33789F29341BEE00142B2E /* Debug */ = {
			isa = XCBuildConfiguration;
			buildSettings = {
				ASSETCATALOG_COMPILER_APPICON_NAME = AppIcon;
				ASSETCATALOG_COMPILER_GLOBAL_ACCENT_COLOR_NAME = AccentColor;
				CODE_SIGN_STYLE = Automatic;
				CURRENT_PROJECT_VERSION = 1;
				DEVELOPMENT_TEAM = XWQT2AUZQ9;
				GENERATE_INFOPLIST_FILE = YES;
				INFOPLIST_FILE = AppWeather/Settings/Info.plist;
				INFOPLIST_KEY_UIApplicationSupportsIndirectInputEvents = YES;
				INFOPLIST_KEY_UILaunchStoryboardName = LaunchScreen;
				INFOPLIST_KEY_UISupportedInterfaceOrientations_iPad = "UIInterfaceOrientationPortrait UIInterfaceOrientationPortraitUpsideDown UIInterfaceOrientationLandscapeLeft UIInterfaceOrientationLandscapeRight";
				INFOPLIST_KEY_UISupportedInterfaceOrientations_iPhone = "UIInterfaceOrientationPortrait UIInterfaceOrientationLandscapeLeft UIInterfaceOrientationLandscapeRight";
				LD_RUNPATH_SEARCH_PATHS = (
					"$(inherited)",
					"@executable_path/Frameworks",
				);
				MARKETING_VERSION = 1.0;
				PRODUCT_BUNDLE_IDENTIFIER = natife.AppWeather;
				PRODUCT_NAME = "$(TARGET_NAME)";
				SWIFT_EMIT_LOC_STRINGS = YES;
				SWIFT_VERSION = 5.0;
				TARGETED_DEVICE_FAMILY = 1;
			};
			name = Debug;
		};
		4F3378A029341BEE00142B2E /* Release */ = {
			isa = XCBuildConfiguration;
			buildSettings = {
				ASSETCATALOG_COMPILER_APPICON_NAME = AppIcon;
				ASSETCATALOG_COMPILER_GLOBAL_ACCENT_COLOR_NAME = AccentColor;
				CODE_SIGN_STYLE = Automatic;
				CURRENT_PROJECT_VERSION = 1;
				DEVELOPMENT_TEAM = XWQT2AUZQ9;
				GENERATE_INFOPLIST_FILE = YES;
				INFOPLIST_FILE = AppWeather/Settings/Info.plist;
				INFOPLIST_KEY_UIApplicationSupportsIndirectInputEvents = YES;
				INFOPLIST_KEY_UILaunchStoryboardName = LaunchScreen;
				INFOPLIST_KEY_UISupportedInterfaceOrientations_iPad = "UIInterfaceOrientationPortrait UIInterfaceOrientationPortraitUpsideDown UIInterfaceOrientationLandscapeLeft UIInterfaceOrientationLandscapeRight";
				INFOPLIST_KEY_UISupportedInterfaceOrientations_iPhone = "UIInterfaceOrientationPortrait UIInterfaceOrientationLandscapeLeft UIInterfaceOrientationLandscapeRight";
				LD_RUNPATH_SEARCH_PATHS = (
					"$(inherited)",
					"@executable_path/Frameworks",
				);
				MARKETING_VERSION = 1.0;
				PRODUCT_BUNDLE_IDENTIFIER = natife.AppWeather;
				PRODUCT_NAME = "$(TARGET_NAME)";
				SWIFT_EMIT_LOC_STRINGS = YES;
				SWIFT_VERSION = 5.0;
				TARGETED_DEVICE_FAMILY = 1;
			};
			name = Release;
		};
/* End XCBuildConfiguration section */

/* Begin XCConfigurationList section */
		4F33788529341BED00142B2E /* Build configuration list for PBXProject "AppWeather" */ = {
			isa = XCConfigurationList;
			buildConfigurations = (
				4F33789C29341BEE00142B2E /* Debug */,
				4F33789D29341BEE00142B2E /* Release */,
			);
			defaultConfigurationIsVisible = 0;
			defaultConfigurationName = Release;
		};
		4F33789E29341BEE00142B2E /* Build configuration list for PBXNativeTarget "AppWeather" */ = {
			isa = XCConfigurationList;
			buildConfigurations = (
				4F33789F29341BEE00142B2E /* Debug */,
				4F3378A029341BEE00142B2E /* Release */,
			);
			defaultConfigurationIsVisible = 0;
			defaultConfigurationName = Release;
		};
/* End XCConfigurationList section */
	};
	rootObject = 4F33788229341BED00142B2E /* Project object */;
}
